
Microsoft Visual Studio Solution File, Format Version 12.00
# Visual Studio Version 17
VisualStudioVersion = 17.4.33122.133
MinimumVisualStudioVersion = 10.0.40219.1
Project("{9A19103F-16F7-4668-BE54-9A1E7A4F7556}") = "Example", "Example\Example.csproj", "{F2C416A1-29CD-43D9-81A8-FB6706BA6E48}"
EndProject
Project("{9A19103F-16F7-4668-BE54-9A1E7A4F7556}") = "Tests", "Tests\Tests.csproj", "{2697FB81-0D34-433D-A6C3-EE659C5A3003}"
EndProject
Project("{9A19103F-16F7-4668-BE54-9A1E7A4F7556}") = "TheFinals.NET", "Src\TheFinals.NET.csproj", "{FC1F7678-33D1-4CCC-B80A-2DBBB1BC7447}"
EndProject
Global
	GlobalSection(SolutionConfigurationPlatforms) = preSolution
		Debug|Any CPU = Debug|Any CPU
		Release|Any CPU = Release|Any CPU
	EndGlobalSection
	GlobalSection(ProjectConfigurationPlatforms) = postSolution
		{F2C416A1-29CD-43D9-81A8-FB6706BA6E48}.Debug|Any CPU.ActiveCfg = Debug|Any CPU
		{F2C416A1-29CD-43D9-81A8-FB6706BA6E48}.Debug|Any CPU.Build.0 = Debug|Any CPU
		{F2C416A1-29CD-43D9-81A8-FB6706BA6E48}.Release|Any CPU.ActiveCfg = Release|Any CPU
		{F2C416A1-29CD-43D9-81A8-FB6706BA6E48}.Release|Any CPU.Build.0 = Release|Any CPU
		{2697FB81-0D34-433D-A6C3-EE659C5A3003}.Debug|Any CPU.ActiveCfg = Debug|Any CPU
		{2697FB81-0D34-433D-A6C3-EE659C5A3003}.Debug|Any CPU.Build.0 = Debug|Any CPU
		{2697FB81-0D34-433D-A6C3-EE659C5A3003}.Release|Any CPU.ActiveCfg = Release|Any CPU
		{2697FB81-0D34-433D-A6C3-EE659C5A3003}.Release|Any CPU.Build.0 = Release|Any CPU
		{FC1F7678-33D1-4CCC-B80A-2DBBB1BC7447}.Debug|Any CPU.ActiveCfg = Debug|Any CPU
		{FC1F7678-33D1-4CCC-B80A-2DBBB1BC7447}.Debug|Any CPU.Build.0 = Debug|Any CPU
		{FC1F7678-33D1-4CCC-B80A-2DBBB1BC7447}.Release|Any CPU.ActiveCfg = Release|Any CPU
		{FC1F7678-33D1-4CCC-B80A-2DBBB1BC7447}.Release|Any CPU.Build.0 = Release|Any CPU
	EndGlobalSection
	GlobalSection(SolutionProperties) = preSolution
		HideSolutionNode = FALSE
	EndGlobalSection
	GlobalSection(ExtensibilityGlobals) = postSolution
		SolutionGuid = {25024613-1262-428E-B75F-1299158E408C}
	EndGlobalSection
EndGlobal
